{
    "_meta": {
        "hash": {
            "sha256": "fde26a8446b996fd1384d9081afeb289df26877ca294436ede2a588789fdc443"
        },
        "pipfile-spec": 6,
        "requires": {
            "python_version": "3.8"
        },
        "sources": [
            {
                "name": "pypi",
                "url": "https://pypi.python.org/simple",
                "verify_ssl": true
            }
        ]
    },
    "default": {},
    "develop": {
        "names": {
            "hashes": [
                "sha256:726e46254f2ed03f1ffb5d941dae3bc67c35123941c29becd02d48d0caa2a671"
            ],
            "index": "pypi",
            "version": "==0.3.0"
        }
    }
}
